
Microsoft Visual Studio Solution File, Format Version 12.00
Project("{2150E333-8FDC-42A3-9474-1A3956D46DE8}") = "src", "src", "{6454308F-C387-41A3-AB49-1CEBC1169241}"
EndProject
Project("{FAE04EC0-301F-11D3-BF4B-00C04F79EFBC}") = "Route256.MerchandiseService.Presentation", "src\Route256.MerchandiseService.Presentation\Route256.MerchandiseService.Presentation.csproj", "{8642D267-A663-443F-85E2-E9F45B8287F4}"
EndProject
Project("{FAE04EC0-301F-11D3-BF4B-00C04F79EFBC}") = "Route256.MerchandiseService.HttpClient", "src\Route256.MerchandiseService.HttpClient\Route256.MerchandiseService.HttpClient.csproj", "{58B7A192-D04C-4AC0-969E-CE4B5C0BDC87}"
EndProject
Project("{FAE04EC0-301F-11D3-BF4B-00C04F79EFBC}") = "Route256.MerchandiseService.Grpc", "src\Route256.MerchandiseService.Grpc\Route256.MerchandiseService.Grpc.csproj", "{82A18AD5-8F74-4CCE-9827-346D50E1AFB6}"
EndProject
Project("{FAE04EC0-301F-11D3-BF4B-00C04F79EFBC}") = "Route256.MerchandiseService.Domain", "src\Route256.MerchandiseService.Domain\Route256.MerchandiseService.Domain.csproj", "{B0EA0408-D164-4F92-8D03-C3547E29490B}"
EndProject
Project("{FAE04EC0-301F-11D3-BF4B-00C04F79EFBC}") = "Route256.MerchandiseService.Infrastructure", "src\Route256.MerchandiseService.Infrastructure\Route256.MerchandiseService.Infrastructure.csproj", "{55925EE6-F7E0-46C1-8A73-808AE4557544}"
EndProject
Project("{2150E333-8FDC-42A3-9474-1A3956D46DE8}") = "tests", "tests", "{1D6BA17C-AE00-471F-8656-FA32BD4FCF15}"
EndProject
Project("{FAE04EC0-301F-11D3-BF4B-00C04F79EFBC}") = "Route256.MerchandiseService.Domain.Tests", "tests\Route256.MerchandiseService.Domain.Tests\Route256.MerchandiseService.Domain.Tests.csproj", "{885C485F-9501-45E2-8FAD-907C0FB4EBD8}"
EndProject
Global
	GlobalSection(SolutionConfigurationPlatforms) = preSolution
		Debug|Any CPU = Debug|Any CPU
		Release|Any CPU = Release|Any CPU
	EndGlobalSection
	GlobalSection(ProjectConfigurationPlatforms) = postSolution
		{8642D267-A663-443F-85E2-E9F45B8287F4}.Debug|Any CPU.ActiveCfg = Debug|Any CPU
		{8642D267-A663-443F-85E2-E9F45B8287F4}.Debug|Any CPU.Build.0 = Debug|Any CPU
		{8642D267-A663-443F-85E2-E9F45B8287F4}.Release|Any CPU.ActiveCfg = Release|Any CPU
		{8642D267-A663-443F-85E2-E9F45B8287F4}.Release|Any CPU.Build.0 = Release|Any CPU
		{58B7A192-D04C-4AC0-969E-CE4B5C0BDC87}.Debug|Any CPU.ActiveCfg = Debug|Any CPU
		{58B7A192-D04C-4AC0-969E-CE4B5C0BDC87}.Debug|Any CPU.Build.0 = Debug|Any CPU
		{58B7A192-D04C-4AC0-969E-CE4B5C0BDC87}.Release|Any CPU.ActiveCfg = Release|Any CPU
		{58B7A192-D04C-4AC0-969E-CE4B5C0BDC87}.Release|Any CPU.Build.0 = Release|Any CPU
		{82A18AD5-8F74-4CCE-9827-346D50E1AFB6}.Debug|Any CPU.ActiveCfg = Debug|Any CPU
		{82A18AD5-8F74-4CCE-9827-346D50E1AFB6}.Debug|Any CPU.Build.0 = Debug|Any CPU
		{82A18AD5-8F74-4CCE-9827-346D50E1AFB6}.Release|Any CPU.ActiveCfg = Release|Any CPU
		{82A18AD5-8F74-4CCE-9827-346D50E1AFB6}.Release|Any CPU.Build.0 = Release|Any CPU
		{B0EA0408-D164-4F92-8D03-C3547E29490B}.Debug|Any CPU.ActiveCfg = Debug|Any CPU
		{B0EA0408-D164-4F92-8D03-C3547E29490B}.Debug|Any CPU.Build.0 = Debug|Any CPU
		{B0EA0408-D164-4F92-8D03-C3547E29490B}.Release|Any CPU.ActiveCfg = Release|Any CPU
		{B0EA0408-D164-4F92-8D03-C3547E29490B}.Release|Any CPU.Build.0 = Release|Any CPU
		{55925EE6-F7E0-46C1-8A73-808AE4557544}.Debug|Any CPU.ActiveCfg = Debug|Any CPU
		{55925EE6-F7E0-46C1-8A73-808AE4557544}.Debug|Any CPU.Build.0 = Debug|Any CPU
		{55925EE6-F7E0-46C1-8A73-808AE4557544}.Release|Any CPU.ActiveCfg = Release|Any CPU
		{55925EE6-F7E0-46C1-8A73-808AE4557544}.Release|Any CPU.Build.0 = Release|Any CPU
		{885C485F-9501-45E2-8FAD-907C0FB4EBD8}.Debug|Any CPU.ActiveCfg = Debug|Any CPU
		{885C485F-9501-45E2-8FAD-907C0FB4EBD8}.Debug|Any CPU.Build.0 = Debug|Any CPU
		{885C485F-9501-45E2-8FAD-907C0FB4EBD8}.Release|Any CPU.ActiveCfg = Release|Any CPU
		{885C485F-9501-45E2-8FAD-907C0FB4EBD8}.Release|Any CPU.Build.0 = Release|Any CPU
	EndGlobalSection
	GlobalSection(NestedProjects) = preSolution
		{8642D267-A663-443F-85E2-E9F45B8287F4} = {6454308F-C387-41A3-AB49-1CEBC1169241}
		{58B7A192-D04C-4AC0-969E-CE4B5C0BDC87} = {6454308F-C387-41A3-AB49-1CEBC1169241}
		{82A18AD5-8F74-4CCE-9827-346D50E1AFB6} = {6454308F-C387-41A3-AB49-1CEBC1169241}
		{B0EA0408-D164-4F92-8D03-C3547E29490B} = {6454308F-C387-41A3-AB49-1CEBC1169241}
		{55925EE6-F7E0-46C1-8A73-808AE4557544} = {6454308F-C387-41A3-AB49-1CEBC1169241}
		{885C485F-9501-45E2-8FAD-907C0FB4EBD8} = {1D6BA17C-AE00-471F-8656-FA32BD4FCF15}
	EndGlobalSection
EndGlobal
